// !$*UTF8*$!
{
	archiveVersion = 1;
	classes = {
	};
	objectVersion = 48;
	objects = {

/* Begin PBXBuildFile section */
		B42ACC08200FA6B2003C8EA7 /* AppDelegate.swift in Sources */ = {isa = PBXBuildFile; fileRef = B42ACC07200FA6B2003C8EA7 /* AppDelegate.swift */; };
		B42ACC0A200FA6B2003C8EA7 /* ViewController.swift in Sources */ = {isa = PBXBuildFile; fileRef = B42ACC09200FA6B2003C8EA7 /* ViewController.swift */; };
		B42ACC0D200FA6B2003C8EA7 /* Main.storyboard in Resources */ = {isa = PBXBuildFile; fileRef = B42ACC0B200FA6B2003C8EA7 /* Main.storyboard */; };
		B42ACC0F200FA6B2003C8EA7 /* Assets.xcassets in Resources */ = {isa = PBXBuildFile; fileRef = B42ACC0E200FA6B2003C8EA7 /* Assets.xcassets */; };
		B42ACC12200FA6B2003C8EA7 /* LaunchScreen.storyboard in Resources */ = {isa = PBXBuildFile; fileRef = B42ACC10200FA6B2003C8EA7 /* LaunchScreen.storyboard */; };
		B42ACC1D200FA6B2003C8EA7 /* DouYUTests.swift in Sources */ = {isa = PBXBuildFile; fileRef = B42ACC1C200FA6B2003C8EA7 /* DouYUTests.swift */; };
		B42ACC28200FA6B2003C8EA7 /* DouYUUITests.swift in Sources */ = {isa = PBXBuildFile; fileRef = B42ACC27200FA6B2003C8EA7 /* DouYUUITests.swift */; };
/* End PBXBuildFile section */

/* Begin PBXContainerItemProxy section */
		B42ACC19200FA6B2003C8EA7 /* PBXContainerItemProxy */ = {
			isa = PBXContainerItemProxy;
			containerPortal = B42ACBFC200FA6B1003C8EA7 /* Project object */;
			proxyType = 1;
			remoteGlobalIDString = B42ACC03200FA6B1003C8EA7;
			remoteInfo = DouYU;
		};
		B42ACC24200FA6B2003C8EA7 /* PBXContainerItemProxy */ = {
			isa = PBXContainerItemProxy;
			containerPortal = B42ACBFC200FA6B1003C8EA7 /* Project object */;
			proxyType = 1;
			remoteGlobalIDString = B42ACC03200FA6B1003C8EA7;
			remoteInfo = DouYU;
		};
/* End PBXContainerItemProxy section */

/* Begin PBXFileReference section */
		B42ACC04200FA6B2003C8EA7 /* DouYU.app */ = {isa = PBXFileReference; explicitFileType = wrapper.application; includeInIndex = 0; path = DouYU.app; sourceTree = BUILT_PRODUCTS_DIR; };
		B42ACC07200FA6B2003C8EA7 /* AppDelegate.swift */ = {isa = PBXFileReference; lastKnownFileType = sourcecode.swift; path = AppDelegate.swift; sourceTree = "<group>"; };
		B42ACC09200FA6B2003C8EA7 /* ViewController.swift */ = {isa = PBXFileReference; lastKnownFileType = sourcecode.swift; path = ViewController.swift; sourceTree = "<group>"; };
		B42ACC0C200FA6B2003C8EA7 /* Base */ = {isa = PBXFileReference; lastKnownFileType = file.storyboard; name = Base; path = Base.lproj/Main.storyboard; sourceTree = "<group>"; };
		B42ACC0E200FA6B2003C8EA7 /* Assets.xcassets */ = {isa = PBXFileReference; lastKnownFileType = folder.assetcatalog; path = Assets.xcassets; sourceTree = "<group>"; };
		B42ACC11200FA6B2003C8EA7 /* Base */ = {isa = PBXFileReference; lastKnownFileType = file.storyboard; name = Base; path = Base.lproj/LaunchScreen.storyboard; sourceTree = "<group>"; };
		B42ACC13200FA6B2003C8EA7 /* Info.plist */ = {isa = PBXFileReference; lastKnownFileType = text.plist.xml; path = Info.plist; sourceTree = "<group>"; };
		B42ACC18200FA6B2003C8EA7 /* DouYUTests.xctest */ = {isa = PBXFileReference; explicitFileType = wrapper.cfbundle; includeInIndex = 0; path = DouYUTests.xctest; sourceTree = BUILT_PRODUCTS_DIR; };
		B42ACC1C200FA6B2003C8EA7 /* DouYUTests.swift */ = {isa = PBXFileReference; lastKnownFileType = sourcecode.swift; path = DouYUTests.swift; sourceTree = "<group>"; };
		B42ACC1E200FA6B2003C8EA7 /* Info.plist */ = {isa = PBXFileReference; lastKnownFileType = text.plist.xml; path = Info.plist; sourceTree = "<group>"; };
		B42ACC23200FA6B2003C8EA7 /* DouYUUITests.xctest */ = {isa = PBXFileReference; explicitFileType = wrapper.cfbundle; includeInIndex = 0; path = DouYUUITests.xctest; sourceTree = BUILT_PRODUCTS_DIR; };
		B42ACC27200FA6B2003C8EA7 /* DouYUUITests.swift */ = {isa = PBXFileReference; lastKnownFileType = sourcecode.swift; path = DouYUUITests.swift; sourceTree = "<group>"; };
		B42ACC29200FA6B2003C8EA7 /* Info.plist */ = {isa = PBXFileReference; lastKnownFileType = text.plist.xml; path = Info.plist; sourceTree = "<group>"; };
/* End PBXFileReference section */

/* Begin PBXFrameworksBuildPhase section */
		B42ACC01200FA6B1003C8EA7 /* Frameworks */ = {
			isa = PBXFrameworksBuildPhase;
			buildActionMask = 2147483647;
			files = (
			);
			runOnlyForDeploymentPostprocessing = 0;
		};
		B42ACC15200FA6B2003C8EA7 /* Frameworks */ = {
			isa = PBXFrameworksBuildPhase;
			buildActionMask = 2147483647;
			files = (
			);
			runOnlyForDeploymentPostprocessing = 0;
		};
		B42ACC20200FA6B2003C8EA7 /* Frameworks */ = {
			isa = PBXFrameworksBuildPhase;
			buildActionMask = 2147483647;
			files = (
			);
			runOnlyForDeploymentPostprocessing = 0;
		};
/* End PBXFrameworksBuildPhase section */

/* Begin PBXGroup section */
		B42ACBFB200FA6B1003C8EA7 = {
			isa = PBXGroup;
			children = (
				B42ACC06200FA6B2003C8EA7 /* DouYU */,
				B42ACC1B200FA6B2003C8EA7 /* DouYUTests */,
				B42ACC26200FA6B2003C8EA7 /* DouYUUITests */,
				B42ACC05200FA6B2003C8EA7 /* Products */,
			);
			sourceTree = "<group>";
		};
		B42ACC05200FA6B2003C8EA7 /* Products */ = {
			isa = PBXGroup;
			children = (
				B42ACC04200FA6B2003C8EA7 /* DouYU.app */,
				B42ACC18200FA6B2003C8EA7 /* DouYUTests.xctest */,
				B42ACC23200FA6B2003C8EA7 /* DouYUUITests.xctest */,
			);
			name = Products;
			sourceTree = "<group>";
		};
		B42ACC06200FA6B2003C8EA7 /* DouYU */ = {
			isa = PBXGroup;
			children = (
				B42ACC07200FA6B2003C8EA7 /* AppDelegate.swift */,
				B42ACC09200FA6B2003C8EA7 /* ViewController.swift */,
				B42ACC0B200FA6B2003C8EA7 /* Main.storyboard */,
				B42ACC0E200FA6B2003C8EA7 /* Assets.xcassets */,
				B42ACC10200FA6B2003C8EA7 /* LaunchScreen.storyboard */,
				B42ACC13200FA6B2003C8EA7 /* Info.plist */,
			);
			path = DouYU;
			sourceTree = "<group>";
		};
		B42ACC1B200FA6B2003C8EA7 /* DouYUTests */ = {
			isa = PBXGroup;
			children = (
				B42ACC1C200FA6B2003C8EA7 /* DouYUTests.swift */,
				B42ACC1E200FA6B2003C8EA7 /* Info.plist */,
			);
			path = DouYUTests;
			sourceTree = "<group>";
		};
		B42ACC26200FA6B2003C8EA7 /* DouYUUITests */ = {
			isa = PBXGroup;
			children = (
				B42ACC27200FA6B2003C8EA7 /* DouYUUITests.swift */,
				B42ACC29200FA6B2003C8EA7 /* Info.plist */,
			);
			path = DouYUUITests;
			sourceTree = "<group>";
		};
/* End PBXGroup section */

/* Begin PBXNativeTarget section */
		B42ACC03200FA6B1003C8EA7 /* DouYU */ = {
			isa = PBXNativeTarget;
			buildConfigurationList = B42ACC2C200FA6B2003C8EA7 /* Build configuration list for PBXNativeTarget "DouYU" */;
			buildPhases = (
				B42ACC00200FA6B1003C8EA7 /* Sources */,
				B42ACC01200FA6B1003C8EA7 /* Frameworks */,
				B42ACC02200FA6B1003C8EA7 /* Resources */,
			);
			buildRules = (
			);
			dependencies = (
			);
			name = DouYU;
			productName = DouYU;
			productReference = B42ACC04200FA6B2003C8EA7 /* DouYU.app */;
			productType = "com.apple.product-type.application";
		};
		B42ACC17200FA6B2003C8EA7 /* DouYUTests */ = {
			isa = PBXNativeTarget;
			buildConfigurationList = B42ACC2F200FA6B2003C8EA7 /* Build configuration list for PBXNativeTarget "DouYUTests" */;
			buildPhases = (
				B42ACC14200FA6B2003C8EA7 /* Sources */,
				B42ACC15200FA6B2003C8EA7 /* Frameworks */,
				B42ACC16200FA6B2003C8EA7 /* Resources */,
			);
			buildRules = (
			);
			dependencies = (
				B42ACC1A200FA6B2003C8EA7 /* PBXTargetDependency */,
			);
			name = DouYUTests;
			productName = DouYUTests;
			productReference = B42ACC18200FA6B2003C8EA7 /* DouYUTests.xctest */;
			productType = "com.apple.product-type.bundle.unit-test";
		};
		B42ACC22200FA6B2003C8EA7 /* DouYUUITests */ = {
			isa = PBXNativeTarget;
			buildConfigurationList = B42ACC32200FA6B2003C8EA7 /* Build configuration list for PBXNativeTarget "DouYUUITests" */;
			buildPhases = (
				B42ACC1F200FA6B2003C8EA7 /* Sources */,
				B42ACC20200FA6B2003C8EA7 /* Frameworks */,
				B42ACC21200FA6B2003C8EA7 /* Resources */,
			);
			buildRules = (
			);
			dependencies = (
				B42ACC25200FA6B2003C8EA7 /* PBXTargetDependency */,
			);
			name = DouYUUITests;
			productName = DouYUUITests;
			productReference = B42ACC23200FA6B2003C8EA7 /* DouYUUITests.xctest */;
			productType = "com.apple.product-type.bundle.ui-testing";
		};
/* End PBXNativeTarget section */

/* Begin PBXProject section */
		B42ACBFC200FA6B1003C8EA7 /* Project object */ = {
			isa = PBXProject;
			attributes = {
				LastSwiftUpdateCheck = 0920;
				LastUpgradeCheck = 0920;
				ORGANIZATIONNAME = "任帅";
				TargetAttributes = {
					B42ACC03200FA6B1003C8EA7 = {
						CreatedOnToolsVersion = 9.2;
						ProvisioningStyle = Automatic;
					};
					B42ACC17200FA6B2003C8EA7 = {
						CreatedOnToolsVersion = 9.2;
						ProvisioningStyle = Automatic;
						TestTargetID = B42ACC03200FA6B1003C8EA7;
					};
					B42ACC22200FA6B2003C8EA7 = {
						CreatedOnToolsVersion = 9.2;
						ProvisioningStyle = Automatic;
						TestTargetID = B42ACC03200FA6B1003C8EA7;
					};
				};
			};
			buildConfigurationList = B42ACBFF200FA6B1003C8EA7 /* Build configuration list for PBXProject "DouYU" */;
			compatibilityVersion = "Xcode 8.0";
			developmentRegion = en;
			hasScannedForEncodings = 0;
			knownRegions = (
				en,
				Base,
			);
			mainGroup = B42ACBFB200FA6B1003C8EA7;
			productRefGroup = B42ACC05200FA6B2003C8EA7 /* Products */;
			projectDirPath = "";
			projectRoot = "";
			targets = (
				B42ACC03200FA6B1003C8EA7 /* DouYU */,
				B42ACC17200FA6B2003C8EA7 /* DouYUTests */,
				B42ACC22200FA6B2003C8EA7 /* DouYUUITests */,
			);
		};
/* End PBXProject section */

/* Begin PBXResourcesBuildPhase section */
		B42ACC02200FA6B1003C8EA7 /* Resources */ = {
			isa = PBXResourcesBuildPhase;
			buildActionMask = 2147483647;
			files = (
				B42ACC12200FA6B2003C8EA7 /* LaunchScreen.storyboard in Resources */,
				B42ACC0F200FA6B2003C8EA7 /* Assets.xcassets in Resources */,
				B42ACC0D200FA6B2003C8EA7 /* Main.storyboard in Resources */,
			);
			runOnlyForDeploymentPostprocessing = 0;
		};
		B42ACC16200FA6B2003C8EA7 /* Resources */ = {
			isa = PBXResourcesBuildPhase;
			buildActionMask = 2147483647;
			files = (
			);
			runOnlyForDeploymentPostprocessing = 0;
		};
		B42ACC21200FA6B2003C8EA7 /* Resources */ = {
			isa = PBXResourcesBuildPhase;
			buildActionMask = 2147483647;
			files = (
			);
			runOnlyForDeploymentPostprocessing = 0;
		};
/* End PBXResourcesBuildPhase section */

/* Begin PBXSourcesBuildPhase section */
		B42ACC00200FA6B1003C8EA7 /* Sources */ = {
			isa = PBXSourcesBuildPhase;
			buildActionMask = 2147483647;
			files = (
				B42ACC0A200FA6B2003C8EA7 /* ViewController.swift in Sources */,
				B42ACC08200FA6B2003C8EA7 /* AppDelegate.swift in Sources */,
			);
			runOnlyForDeploymentPostprocessing = 0;
		};
		B42ACC14200FA6B2003C8EA7 /* Sources */ = {
			isa = PBXSourcesBuildPhase;
			buildActionMask = 2147483647;
			files = (
				B42ACC1D200FA6B2003C8EA7 /* DouYUTests.swift in Sources */,
			);
			runOnlyForDeploymentPostprocessing = 0;
		};
		B42ACC1F200FA6B2003C8EA7 /* Sources */ = {
			isa = PBXSourcesBuildPhase;
			buildActionMask = 2147483647;
			files = (
				B42ACC28200FA6B2003C8EA7 /* DouYUUITests.swift in Sources */,
			);
			runOnlyForDeploymentPostprocessing = 0;
		};
/* End PBXSourcesBuildPhase section */

/* Begin PBXTargetDependency section */
		B42ACC1A200FA6B2003C8EA7 /* PBXTargetDependency */ = {
			isa = PBXTargetDependency;
			target = B42ACC03200FA6B1003C8EA7 /* DouYU */;
			targetProxy = B42ACC19200FA6B2003C8EA7 /* PBXContainerItemProxy */;
		};
		B42ACC25200FA6B2003C8EA7 /* PBXTargetDependency */ = {
			isa = PBXTargetDependency;
			target = B42ACC03200FA6B1003C8EA7 /* DouYU */;
			targetProxy = B42ACC24200FA6B2003C8EA7 /* PBXContainerItemProxy */;
		};
/* End PBXTargetDependency section */

/* Begin PBXVariantGroup section */
		B42ACC0B200FA6B2003C8EA7 /* Main.storyboard */ = {
			isa = PBXVariantGroup;
			children = (
				B42ACC0C200FA6B2003C8EA7 /* Base */,
			);
			name = Main.storyboard;
			sourceTree = "<group>";
		};
		B42ACC10200FA6B2003C8EA7 /* LaunchScreen.storyboard */ = {
			isa = PBXVariantGroup;
			children = (
				B42ACC11200FA6B2003C8EA7 /* Base */,
			);
			name = LaunchScreen.storyboard;
			sourceTree = "<group>";
		};
/* End PBXVariantGroup section */

/* Begin XCBuildConfiguration section */
		B42ACC2A200FA6B2003C8EA7 /* Debug */ = {
			isa = XCBuildConfiguration;
			buildSettings = {
				ALWAYS_SEARCH_USER_PATHS = NO;
				CLANG_ANALYZER_NONNULL = YES;
				CLANG_ANALYZER_NUMBER_OBJECT_CONVERSION = YES_AGGRESSIVE;
				CLANG_CXX_LANGUAGE_STANDARD = "gnu++14";
				CLANG_CXX_LIBRARY = "libc++";
				CLANG_ENABLE_MODULES = YES;
				CLANG_ENABLE_OBJC_ARC = YES;
				CLANG_WARN_BLOCK_CAPTURE_AUTORELEASING = YES;
				CLANG_WARN_BOOL_CONVERSION = YES;
				CLANG_WARN_COMMA = YES;
				CLANG_WARN_CONSTANT_CONVERSION = YES;
				CLANG_WARN_DIRECT_OBJC_ISA_USAGE = YES_ERROR;
				CLANG_WARN_DOCUMENTATION_COMMENTS = YES;
				CLANG_WARN_EMPTY_BODY = YES;
				CLANG_WARN_ENUM_CONVERSION = YES;
				CLANG_WARN_INFINITE_RECURSION = YES;
				CLANG_WARN_INT_CONVERSION = YES;
				CLANG_WARN_NON_LITERAL_NULL_CONVERSION = YES;
				CLANG_WARN_OBJC_LITERAL_CONVERSION = YES;
				CLANG_WARN_OBJC_ROOT_CLASS = YES_ERROR;
				CLANG_WARN_RANGE_LOOP_ANALYSIS = YES;
				CLANG_WARN_STRICT_PROTOTYPES = YES;
				CLANG_WARN_SUSPICIOUS_MOVE = YES;
				CLANG_WARN_UNGUARDED_AVAILABILITY = YES_AGGRESSIVE;
				CLANG_WARN_UNREACHABLE_CODE = YES;
				CLANG_WARN__DUPLICATE_METHOD_MATCH = YES;
				CODE_SIGN_IDENTITY = "iPhone Developer";
				COPY_PHASE_STRIP = NO;
				DEBUG_INFORMATION_FORMAT = dwarf;
				ENABLE_STRICT_OBJC_MSGSEND = YES;
				ENABLE_TESTABILITY = YES;
				GCC_C_LANGUAGE_STANDARD = gnu11;
				GCC_DYNAMIC_NO_PIC = NO;
				GCC_NO_COMMON_BLOCKS = YES;
				GCC_OPTIMIZATION_LEVEL = 0;
				GCC_PREPROCESSOR_DEFINITIONS = (
					"DEBUG=1",
					"$(inherited)",
				);
				GCC_WARN_64_TO_32_BIT_CONVERSION = YES;
				GCC_WARN_ABOUT_RETURN_TYPE = YES_ERROR;
				GCC_WARN_UNDECLARED_SELECTOR = YES;
				GCC_WARN_UNINITIALIZED_AUTOS = YES_AGGRESSIVE;
				GCC_WARN_UNUSED_FUNCTION = YES;
				GCC_WARN_UNUSED_VARIABLE = YES;
				IPHONEOS_DEPLOYMENT_TARGET = 11.2;
				MTL_ENABLE_DEBUG_INFO = YES;
				ONLY_ACTIVE_ARCH = YES;
				SDKROOT = iphoneos;
				SWIFT_ACTIVE_COMPILATION_CONDITIONS = DEBUG;
				SWIFT_OPTIMIZATION_LEVEL = "-Onone";
			};
			name = Debug;
		};
		B42ACC2B200FA6B2003C8EA7 /* Release */ = {
			isa = XCBuildConfiguration;
			buildSettings = {
				ALWAYS_SEARCH_USER_PATHS = NO;
				CLANG_ANALYZER_NONNULL = YES;
				CLANG_ANALYZER_NUMBER_OBJECT_CONVERSION = YES_AGGRESSIVE;
				CLANG_CXX_LANGUAGE_STANDARD = "gnu++14";
				CLANG_CXX_LIBRARY = "libc++";
				CLANG_ENABLE_MODULES = YES;
				CLANG_ENABLE_OBJC_ARC = YES;
				CLANG_WARN_BLOCK_CAPTURE_AUTORELEASING = YES;
				CLANG_WARN_BOOL_CONVERSION = YES;
				CLANG_WARN_COMMA = YES;
				CLANG_WARN_CONSTANT_CONVERSION = YES;
				CLANG_WARN_DIRECT_OBJC_ISA_USAGE = YES_ERROR;
				CLANG_WARN_DOCUMENTATION_COMMENTS = YES;
				CLANG_WARN_EMPTY_BODY = YES;
				CLANG_WARN_ENUM_CONVERSION = YES;
				CLANG_WARN_INFINITE_RECURSION = YES;
				CLANG_WARN_INT_CONVERSION = YES;
				CLANG_WARN_NON_LITERAL_NULL_CONVERSION = YES;
				CLANG_WARN_OBJC_LITERAL_CONVERSION = YES;
				CLANG_WARN_OBJC_ROOT_CLASS = YES_ERROR;
				CLANG_WARN_RANGE_LOOP_ANALYSIS = YES;
				CLANG_WARN_STRICT_PROTOTYPES = YES;
				CLANG_WARN_SUSPICIOUS_MOVE = YES;
				CLANG_WARN_UNGUARDED_AVAILABILITY = YES_AGGRESSIVE;
				CLANG_WARN_UNREACHABLE_CODE = YES;
				CLANG_WARN__DUPLICATE_METHOD_MATCH = YES;
				CODE_SIGN_IDENTITY = "iPhone Developer";
				COPY_PHASE_STRIP = NO;
				DEBUG_INFORMATION_FORMAT = "dwarf-with-dsym";
				ENABLE_NS_ASSERTIONS = NO;
				ENABLE_STRICT_OBJC_MSGSEND = YES;
				GCC_C_LANGUAGE_STANDARD = gnu11;
				GCC_NO_COMMON_BLOCKS = YES;
				GCC_WARN_64_TO_32_BIT_CONVERSION = YES;
				GCC_WARN_ABOUT_RETURN_TYPE = YES_ERROR;
				GCC_WARN_UNDECLARED_SELECTOR = YES;
				GCC_WARN_UNINITIALIZED_AUTOS = YES_AGGRESSIVE;
				GCC_WARN_UNUSED_FUNCTION = YES;
				GCC_WARN_UNUSED_VARIABLE = YES;
				IPHONEOS_DEPLOYMENT_TARGET = 11.2;
				MTL_ENABLE_DEBUG_INFO = NO;
				SDKROOT = iphoneos;
				SWIFT_OPTIMIZATION_LEVEL = "-Owholemodule";
				VALIDATE_PRODUCT = YES;
			};
			name = Release;
		};
		B42ACC2D200FA6B2003C8EA7 /* Debug */ = {
			isa = XCBuildConfiguration;
			buildSettings = {
				ASSETCATALOG_COMPILER_APPICON_NAME = AppIcon;
				CODE_SIGN_STYLE = Automatic;
				INFOPLIST_FILE = DouYU/Info.plist;
				LD_RUNPATH_SEARCH_PATHS = "$(inherited) @executable_path/Frameworks";
				PRODUCT_BUNDLE_IDENTIFIER = com.renS.www.DouYU;
				PRODUCT_NAME = "$(TARGET_NAME)";
				SWIFT_VERSION = 4.0;
				TARGETED_DEVICE_FAMILY = "1,2";
			};
			name = Debug;
		};
		B42ACC2E200FA6B2003C8EA7 /* Release */ = {
			isa = XCBuildConfiguration;
			buildSettings = {
				ASSETCATALOG_COMPILER_APPICON_NAME = AppIcon;
				CODE_SIGN_STYLE = Automatic;
				INFOPLIST_FILE = DouYU/Info.plist;
				LD_RUNPATH_SEARCH_PATHS = "$(inherited) @executable_path/Frameworks";
				PRODUCT_BUNDLE_IDENTIFIER = com.renS.www.DouYU;
				PRODUCT_NAME = "$(TARGET_NAME)";
				SWIFT_VERSION = 4.0;
				TARGETED_DEVICE_FAMILY = "1,2";
			};
			name = Release;
		};
		B42ACC30200FA6B2003C8EA7 /* Debug */ = {
			isa = XCBuildConfiguration;
			buildSettings = {
				ALWAYS_EMBED_SWIFT_STANDARD_LIBRARIES = YES;
				BUNDLE_LOADER = "$(TEST_HOST)";
				CODE_SIGN_STYLE = Automatic;
				INFOPLIST_FILE = DouYUTests/Info.plist;
				LD_RUNPATH_SEARCH_PATHS = "$(inherited) @executable_path/Frameworks @loader_path/Frameworks";
				PRODUCT_BUNDLE_IDENTIFIER = com.renS.www.DouYUTests;
				PRODUCT_NAME = "$(TARGET_NAME)";
				SWIFT_VERSION = 4.0;
				TARGETED_DEVICE_FAMILY = "1,2";
				TEST_HOST = "$(BUILT_PRODUCTS_DIR)/DouYU.app/DouYU";
			};
			name = Debug;
		};
		B42ACC31200FA6B2003C8EA7 /* Release */ = {
			isa = XCBuildConfiguration;
			buildSettings = {
				ALWAYS_EMBED_SWIFT_STANDARD_LIBRARIES = YES;
				BUNDLE_LOADER = "$(TEST_HOST)";
				CODE_SIGN_STYLE = Automatic;
				INFOPLIST_FILE = DouYUTests/Info.plist;
				LD_RUNPATH_SEARCH_PATHS = "$(inherited) @executable_path/Frameworks @loader_path/Frameworks";
				PRODUCT_BUNDLE_IDENTIFIER = com.renS.www.DouYUTests;
				PRODUCT_NAME = "$(TARGET_NAME)";
				SWIFT_VERSION = 4.0;
				TARGETED_DEVICE_FAMILY = "1,2";
				TEST_HOST = "$(BUILT_PRODUCTS_DIR)/DouYU.app/DouYU";
			};
			name = Release;
		};
		B42ACC33200FA6B2003C8EA7 /* Debug */ = {
			isa = XCBuildConfiguration;
			buildSettings = {
				ALWAYS_EMBED_SWIFT_STANDARD_LIBRARIES = YES;
				CODE_SIGN_STYLE = Automatic;
				INFOPLIST_FILE = DouYUUITests/Info.plist;
				LD_RUNPATH_SEARCH_PATHS = "$(inherited) @executable_path/Frameworks @loader_path/Frameworks";
				PRODUCT_BUNDLE_IDENTIFIER = com.renS.www.DouYUUITests;
				PRODUCT_NAME = "$(TARGET_NAME)";
				SWIFT_VERSION = 4.0;
				TARGETED_DEVICE_FAMILY = "1,2";
				TEST_TARGET_NAME = DouYU;
			};
			name = Debug;
		};
		B42ACC34200FA6B2003C8EA7 /* Release */ = {
			isa = XCBuildConfiguration;
			buildSettings = {
				ALWAYS_EMBED_SWIFT_STANDARD_LIBRARIES = YES;
				CODE_SIGN_STYLE = Automatic;
				INFOPLIST_FILE = DouYUUITests/Info.plist;
				LD_RUNPATH_SEARCH_PATHS = "$(inherited) @executable_path/Frameworks @loader_path/Frameworks";
				PRODUCT_BUNDLE_IDENTIFIER = com.renS.www.DouYUUITests;
				PRODUCT_NAME = "$(TARGET_NAME)";
				SWIFT_VERSION = 4.0;
				TARGETED_DEVICE_FAMILY = "1,2";
				TEST_TARGET_NAME = DouYU;
			};
			name = Release;
		};
/* End XCBuildConfiguration section */

/* Begin XCConfigurationList section */
		B42ACBFF200FA6B1003C8EA7 /* Build configuration list for PBXProject "DouYU" */ = {
			isa = XCConfigurationList;
			buildConfigurations = (
				B42ACC2A200FA6B2003C8EA7 /* Debug */,
				B42ACC2B200FA6B2003C8EA7 /* Release */,
			);
			defaultConfigurationIsVisible = 0;
			defaultConfigurationName = Release;
		};
		B42ACC2C200FA6B2003C8EA7 /* Build configuration list for PBXNativeTarget "DouYU" */ = {
			isa = XCConfigurationList;
			buildConfigurations = (
				B42ACC2D200FA6B2003C8EA7 /* Debug */,
				B42ACC2E200FA6B2003C8EA7 /* Release */,
			);
			defaultConfigurationIsVisible = 0;
			defaultConfigurationName = Release;
		};
		B42ACC2F200FA6B2003C8EA7 /* Build configuration list for PBXNativeTarget "DouYUTests" */ = {
			isa = XCConfigurationList;
			buildConfigurations = (
				B42ACC30200FA6B2003C8EA7 /* Debug */,
				B42ACC31200FA6B2003C8EA7 /* Release */,
			);
			defaultConfigurationIsVisible = 0;
			defaultConfigurationName = Release;
		};
		B42ACC32200FA6B2003C8EA7 /* Build configuration list for PBXNativeTarget "DouYUUITests" */ = {
			isa = XCConfigurationList;
			buildConfigurations = (
				B42ACC33200FA6B2003C8EA7 /* Debug */,
				B42ACC34200FA6B2003C8EA7 /* Release */,
			);
			defaultConfigurationIsVisible = 0;
			defaultConfigurationName = Release;
		};
/* End XCConfigurationList section */
	};
	rootObject = B42ACBFC200FA6B1003C8EA7 /* Project object */;
}
